
Microsoft Visual Studio Solution File, Format Version 12.00
# Visual Studio 2017
Project("{FAE04EC0-301F-11D3-BF4B-00C04F79EFBC}") = "AssetBundlesDemo", "AssetBundlesDemo.csproj", "{96D13107-3728-6832-21CF-358F512B69DE}"
EndProject
Project("{FAE04EC0-301F-11D3-BF4B-00C04F79EFBC}") = "AssetBundlesDemo.Editor", "AssetBundlesDemo.Editor.csproj", "{F3B4E823-BDEC-8D53-8706-580DA6D05562}"
EndProject
Global
	GlobalSection(SolutionConfigurationPlatforms) = preSolution
		Debug|Any CPU = Debug|Any CPU
		Release|Any CPU = Release|Any CPU
	EndGlobalSection
	GlobalSection(ProjectConfigurationPlatforms) = postSolution
		{96D13107-3728-6832-21CF-358F512B69DE}.Debug|Any CPU.ActiveCfg = Debug|Any CPU
		{96D13107-3728-6832-21CF-358F512B69DE}.Debug|Any CPU.Build.0 = Debug|Any CPU
		{96D13107-3728-6832-21CF-358F512B69DE}.Release|Any CPU.ActiveCfg = Release|Any CPU
		{96D13107-3728-6832-21CF-358F512B69DE}.Release|Any CPU.Build.0 = Release|Any CPU
		{F3B4E823-BDEC-8D53-8706-580DA6D05562}.Debug|Any CPU.ActiveCfg = Debug|Any CPU
		{F3B4E823-BDEC-8D53-8706-580DA6D05562}.Debug|Any CPU.Build.0 = Debug|Any CPU
		{F3B4E823-BDEC-8D53-8706-580DA6D05562}.Release|Any CPU.ActiveCfg = Release|Any CPU
		{F3B4E823-BDEC-8D53-8706-580DA6D05562}.Release|Any CPU.Build.0 = Release|Any CPU
	EndGlobalSection
	GlobalSection(SolutionProperties) = preSolution
		HideSolutionNode = FALSE
	EndGlobalSection
EndGlobal
